
Microsoft Visual Studio Solution File, Format Version 12.00
# Visual Studio Version 16
VisualStudioVersion = 16.0.33927.289
MinimumVisualStudioVersion = 10.0.40219.1
Project("{FAE04EC0-301F-11D3-BF4B-00C04F79EFBC}") = "proyecto_atenea", "proyecto_atenea.csproj", "{C4FA1270-C2F9-4073-AFD9-8345C64D32A1}"
EndProject
Global
	GlobalSection(SolutionConfigurationPlatforms) = preSolution
		Debug|Any CPU = Debug|Any CPU
		Release|Any CPU = Release|Any CPU
	EndGlobalSection
	GlobalSection(ProjectConfigurationPlatforms) = postSolution
		{C4FA1270-C2F9-4073-AFD9-8345C64D32A1}.Debug|Any CPU.ActiveCfg = Debug|Any CPU
		{C4FA1270-C2F9-4073-AFD9-8345C64D32A1}.Debug|Any CPU.Build.0 = Debug|Any CPU
		{C4FA1270-C2F9-4073-AFD9-8345C64D32A1}.Release|Any CPU.ActiveCfg = Release|Any CPU
		{C4FA1270-C2F9-4073-AFD9-8345C64D32A1}.Release|Any CPU.Build.0 = Release|Any CPU
	EndGlobalSection
	GlobalSection(SolutionProperties) = preSolution
		HideSolutionNode = FALSE
	EndGlobalSection
	GlobalSection(ExtensibilityGlobals) = postSolution
		SolutionGuid = {B46611B0-32D4-4076-8641-3AE9DDCA2E28}
	EndGlobalSection
EndGlobal
